
Microsoft Visual Studio Solution File, Format Version 12.00
# Visual Studio Version 16
VisualStudioVersion = 16.0.30804.86
MinimumVisualStudioVersion = 10.0.40219.1
Project("{9A19103F-16F7-4668-BE54-9A1E7A4F7556}") = "FamilyMealsApi", "FamilyMealsApi.csproj", "{E7EEF361-82D1-4965-A5B9-BC058012565B}"
EndProject
Global
	GlobalSection(SolutionConfigurationPlatforms) = preSolution
		Debug|Any CPU = Debug|Any CPU
		Release|Any CPU = Release|Any CPU
	EndGlobalSection
	GlobalSection(ProjectConfigurationPlatforms) = postSolution
		{E7EEF361-82D1-4965-A5B9-BC058012565B}.Debug|Any CPU.ActiveCfg = Debug|Any CPU
		{E7EEF361-82D1-4965-A5B9-BC058012565B}.Debug|Any CPU.Build.0 = Debug|Any CPU
		{E7EEF361-82D1-4965-A5B9-BC058012565B}.Release|Any CPU.ActiveCfg = Release|Any CPU
		{E7EEF361-82D1-4965-A5B9-BC058012565B}.Release|Any CPU.Build.0 = Release|Any CPU
	EndGlobalSection
	GlobalSection(SolutionProperties) = preSolution
		HideSolutionNode = FALSE
	EndGlobalSection
	GlobalSection(ExtensibilityGlobals) = postSolution
		SolutionGuid = {ACB0F60F-9BE1-4BFA-86CD-E581EAB4B5A8}
	EndGlobalSection
EndGlobal
